
Microsoft Visual Studio Solution File, Format Version 12.00
# Visual Studio Version 16
VisualStudioVersion = 16.0.31112.23
MinimumVisualStudioVersion = 10.0.40219.1
Project("{FAE04EC0-301F-11D3-BF4B-00C04F79EFBC}") = "Bbiblioo", "Bbiblioo.csproj", "{C1F62C2E-B5A9-4330-B627-CDC88E1C935B}"
EndProject
Global
	GlobalSection(SolutionConfigurationPlatforms) = preSolution
		Debug|Any CPU = Debug|Any CPU
		Release|Any CPU = Release|Any CPU
	EndGlobalSection
	GlobalSection(ProjectConfigurationPlatforms) = postSolution
		{C1F62C2E-B5A9-4330-B627-CDC88E1C935B}.Debug|Any CPU.ActiveCfg = Debug|Any CPU
		{C1F62C2E-B5A9-4330-B627-CDC88E1C935B}.Debug|Any CPU.Build.0 = Debug|Any CPU
		{C1F62C2E-B5A9-4330-B627-CDC88E1C935B}.Release|Any CPU.ActiveCfg = Release|Any CPU
		{C1F62C2E-B5A9-4330-B627-CDC88E1C935B}.Release|Any CPU.Build.0 = Release|Any CPU
	EndGlobalSection
	GlobalSection(SolutionProperties) = preSolution
		HideSolutionNode = FALSE
	EndGlobalSection
	GlobalSection(ExtensibilityGlobals) = postSolution
		SolutionGuid = {955024D9-0DDA-41EA-BF40-77A2DC7D0C81}
	EndGlobalSection
EndGlobal
